
Microsoft Visual Studio Solution File, Format Version 12.00
Project("{FAE04EC0-301F-11D3-BF4B-00C04F79EFBC}") = "QuestPDF.Devanagari.Issue", "QuestPDF.Devanagari.Issue\QuestPDF.Devanagari.Issue.csproj", "{6B00DA1B-BE51-441F-AF5D-5AD0DD01DA06}"
EndProject
Global
	GlobalSection(SolutionConfigurationPlatforms) = preSolution
		Debug|Any CPU = Debug|Any CPU
		Release|Any CPU = Release|Any CPU
	EndGlobalSection
	GlobalSection(ProjectConfigurationPlatforms) = postSolution
		{6B00DA1B-BE51-441F-AF5D-5AD0DD01DA06}.Debug|Any CPU.ActiveCfg = Debug|Any CPU
		{6B00DA1B-BE51-441F-AF5D-5AD0DD01DA06}.Debug|Any CPU.Build.0 = Debug|Any CPU
		{6B00DA1B-BE51-441F-AF5D-5AD0DD01DA06}.Release|Any CPU.ActiveCfg = Release|Any CPU
		{6B00DA1B-BE51-441F-AF5D-5AD0DD01DA06}.Release|Any CPU.Build.0 = Release|Any CPU
	EndGlobalSection
EndGlobal
